// !$*UTF8*$!
{
	archiveVersion = 1;
	classes = {
	};
	objectVersion = 52;
	objects = {

/* Begin PBXBuildFile section */
		E31021BB28A9E04E002D3D4D /* SearchViewController.swift in Sources */ = {isa = PBXBuildFile; fileRef = E31021B928A9E04E002D3D4D /* SearchViewController.swift */; };
		E31021BC28A9E04E002D3D4D /* SearchViewController.xib in Resources */ = {isa = PBXBuildFile; fileRef = E31021BA28A9E04E002D3D4D /* SearchViewController.xib */; };
		E31021C228A9E527002D3D4D /* CoinCell.swift in Sources */ = {isa = PBXBuildFile; fileRef = E31021C028A9E527002D3D4D /* CoinCell.swift */; };
		E31021C328A9E527002D3D4D /* CoinCell.xib in Resources */ = {isa = PBXBuildFile; fileRef = E31021C128A9E527002D3D4D /* CoinCell.xib */; };
		E31021C928AA1C2E002D3D4D /* DetailViewController.swift in Sources */ = {isa = PBXBuildFile; fileRef = E31021C728AA1C2E002D3D4D /* DetailViewController.swift */; };
		E31021CA28AA1C2E002D3D4D /* DetailViewController.xib in Resources */ = {isa = PBXBuildFile; fileRef = E31021C828AA1C2E002D3D4D /* DetailViewController.xib */; };
		E31021D228AB29CA002D3D4D /* APIRepository.swift in Sources */ = {isa = PBXBuildFile; fileRef = E31021D128AB29CA002D3D4D /* APIRepository.swift */; };
		E31021D628AB29D7002D3D4D /* Reponse.swift in Sources */ = {isa = PBXBuildFile; fileRef = E31021D528AB29D7002D3D4D /* Reponse.swift */; };
		E31021DC28AB354D002D3D4D /* UIImageView+Extensions.swift in Sources */ = {isa = PBXBuildFile; fileRef = E31021DB28AB354D002D3D4D /* UIImageView+Extensions.swift */; };
		E31021E028AB6FF6002D3D4D /* ImageManager.swift in Sources */ = {isa = PBXBuildFile; fileRef = E31021DF28AB6FF6002D3D4D /* ImageManager.swift */; };
		E31021E428AB822A002D3D4D /* CoinList.swift in Sources */ = {isa = PBXBuildFile; fileRef = E31021E328AB822A002D3D4D /* CoinList.swift */; };
		E31021EE28AC908F002D3D4D /* UILable+Extensions.swift in Sources */ = {isa = PBXBuildFile; fileRef = E31021ED28AC908E002D3D4D /* UILable+Extensions.swift */; };
		E336086228A3649900D0661E /* AppDelegate.swift in Sources */ = {isa = PBXBuildFile; fileRef = E336086128A3649900D0661E /* AppDelegate.swift */; };
		E336086428A3649900D0661E /* SceneDelegate.swift in Sources */ = {isa = PBXBuildFile; fileRef = E336086328A3649900D0661E /* SceneDelegate.swift */; };
		E336086E28A3649D00D0661E /* Assets.xcassets in Resources */ = {isa = PBXBuildFile; fileRef = E336086D28A3649D00D0661E /* Assets.xcassets */; };
		E336087128A3649D00D0661E /* LaunchScreen.storyboard in Resources */ = {isa = PBXBuildFile; fileRef = E336086F28A3649D00D0661E /* LaunchScreen.storyboard */; };
		E336087C28A3649D00D0661E /* CryptoTrackerTests.swift in Sources */ = {isa = PBXBuildFile; fileRef = E336087B28A3649D00D0661E /* CryptoTrackerTests.swift */; };
		E336088728A3649D00D0661E /* CryptoTrackerUITests.swift in Sources */ = {isa = PBXBuildFile; fileRef = E336088628A3649D00D0661E /* CryptoTrackerUITests.swift */; };
		E336089E28A365C700D0661E /* Charts in Frameworks */ = {isa = PBXBuildFile; productRef = E336089D28A365C700D0661E /* Charts */; };
		E33608EB28A49CA500D0661E /* PortfolioViewController.swift in Sources */ = {isa = PBXBuildFile; fileRef = E33608E928A49CA500D0661E /* PortfolioViewController.swift */; };
		E33608EC28A49CA500D0661E /* PortfolioViewController.xib in Resources */ = {isa = PBXBuildFile; fileRef = E33608EA28A49CA500D0661E /* PortfolioViewController.xib */; };
		E33608F728A49CDF00D0661E /* HomeViewController.swift in Sources */ = {isa = PBXBuildFile; fileRef = E33608F528A49CDF00D0661E /* HomeViewController.swift */; };
		E33608F828A49CDF00D0661E /* HomeViewController.xib in Resources */ = {isa = PBXBuildFile; fileRef = E33608F628A49CDF00D0661E /* HomeViewController.xib */; };
		E336090128A49CFB00D0661E /* CalculatorViewController.swift in Sources */ = {isa = PBXBuildFile; fileRef = E33608FF28A49CFB00D0661E /* CalculatorViewController.swift */; };
		E336090228A49CFB00D0661E /* CalculatorViewController.xib in Resources */ = {isa = PBXBuildFile; fileRef = E336090028A49CFB00D0661E /* CalculatorViewController.xib */; };
		E336091B28A4A01000D0661E /* TabbarViewController.swift in Sources */ = {isa = PBXBuildFile; fileRef = E336091A28A4A01000D0661E /* TabbarViewController.swift */; };
		E336093828A4E83800D0661E /* TabbarItems.swift in Sources */ = {isa = PBXBuildFile; fileRef = E336093728A4E83800D0661E /* TabbarItems.swift */; };
		E336094228A4F9B600D0661E /* Coin.swift in Sources */ = {isa = PBXBuildFile; fileRef = E336094128A4F9B600D0661E /* Coin.swift */; };
		E336094828A4FEE400D0661E /* APIService.swift in Sources */ = {isa = PBXBuildFile; fileRef = E336094728A4FEE400D0661E /* APIService.swift */; };
		E336094C28A507A500D0661E /* Network.swift in Sources */ = {isa = PBXBuildFile; fileRef = E336094B28A507A500D0661E /* Network.swift */; };
		E362EE0C28BBB48A00554DA8 /* PortfolioCoin+CoreDataClass.swift in Sources */ = {isa = PBXBuildFile; fileRef = E362EE0A28BBB48A00554DA8 /* PortfolioCoin+CoreDataClass.swift */; };
		E362EE0D28BBB48A00554DA8 /* PortfolioCoin+CoreDataProperties.swift in Sources */ = {isa = PBXBuildFile; fileRef = E362EE0B28BBB48A00554DA8 /* PortfolioCoin+CoreDataProperties.swift */; };
		E3CF353F28A5EA4E0043289C /* BaseCoin.swift in Sources */ = {isa = PBXBuildFile; fileRef = E3CF353E28A5EA4E0043289C /* BaseCoin.swift */; };
		E3CF354328A5EC130043289C /* Ranking.swift in Sources */ = {isa = PBXBuildFile; fileRef = E3CF354228A5EC130043289C /* Ranking.swift */; };
		E3CF355E28A62C970043289C /* RequestError.swift in Sources */ = {isa = PBXBuildFile; fileRef = E3CF355D28A62C970043289C /* RequestError.swift */; };
		E3EF5D3228ADD75D00ED1588 /* HTTPMethod.swift in Sources */ = {isa = PBXBuildFile; fileRef = E3EF5D3128ADD75D00ED1588 /* HTTPMethod.swift */; };
		E3EF5D3628ADE98B00ED1588 /* UIViewController+Extenstions.swift in Sources */ = {isa = PBXBuildFile; fileRef = E3EF5D3528ADE98B00ED1588 /* UIViewController+Extenstions.swift */; };
		E3EF5D5928AFB18900ED1588 /* UINavigationController+Extensions.swift in Sources */ = {isa = PBXBuildFile; fileRef = E3EF5D5828AFB18900ED1588 /* UINavigationController+Extensions.swift */; };
		E3EF5D5D28AFB27100ED1588 /* Key.plist in Resources */ = {isa = PBXBuildFile; fileRef = E3EF5D5C28AFB27100ED1588 /* Key.plist */; };
		E3FF502128B33A2900CF373F /* Constants.swift in Sources */ = {isa = PBXBuildFile; fileRef = E3FF502028B33A2900CF373F /* Constants.swift */; };
		E3FF503F28B473A900CF373F /* DetailCoin.swift in Sources */ = {isa = PBXBuildFile; fileRef = E3FF503E28B473A900CF373F /* DetailCoin.swift */; };
		E3FF504428B4798800CF373F /* Supply.swift in Sources */ = {isa = PBXBuildFile; fileRef = E3FF504328B4798800CF373F /* Supply.swift */; };
		E3FF504A28B4799000CF373F /* Link.swift in Sources */ = {isa = PBXBuildFile; fileRef = E3FF504928B4799000CF373F /* Link.swift */; };
		E3FF505428B4BF7000CF373F /* HistoryStats.swift in Sources */ = {isa = PBXBuildFile; fileRef = E3FF505328B4BF7000CF373F /* HistoryStats.swift */; };
		E3FF505828B4C5A700CF373F /* TimeSegment.swift in Sources */ = {isa = PBXBuildFile; fileRef = E3FF505728B4C5A700CF373F /* TimeSegment.swift */; };
		E3FF50EE28B66F4B00CF373F /* String+Extensions.swift in Sources */ = {isa = PBXBuildFile; fileRef = E3FF50ED28B66F4A00CF373F /* String+Extensions.swift */; };
		E3FF50F528B70F7100CF373F /* WatchListViewController.swift in Sources */ = {isa = PBXBuildFile; fileRef = E3FF50F328B70F7100CF373F /* WatchListViewController.swift */; };
		E3FF50F628B70F7100CF373F /* WatchListViewController.xib in Resources */ = {isa = PBXBuildFile; fileRef = E3FF50F428B70F7100CF373F /* WatchListViewController.xib */; };
		E3FF510C28B7489B00CF373F /* UIView+Extensions.swift in Sources */ = {isa = PBXBuildFile; fileRef = E3FF510B28B7489B00CF373F /* UIView+Extensions.swift */; };
		E3FF517628B87EB600CF373F /* CrytoTrackerer.xcdatamodeld in Sources */ = {isa = PBXBuildFile; fileRef = E3FF517428B87EB600CF373F /* CrytoTrackerer.xcdatamodeld */; };
		E3FF517B28B87F3900CF373F /* WatchlistCoin+CoreDataClass.swift in Sources */ = {isa = PBXBuildFile; fileRef = E3FF517928B87F3900CF373F /* WatchlistCoin+CoreDataClass.swift */; };
		E3FF517C28B87F3900CF373F /* WatchlistCoin+CoreDataProperties.swift in Sources */ = {isa = PBXBuildFile; fileRef = E3FF517A28B87F3900CF373F /* WatchlistCoin+CoreDataProperties.swift */; };
		E3FF518228B87F5800CF373F /* CoinDataRepository.swift in Sources */ = {isa = PBXBuildFile; fileRef = E3FF518128B87F5800CF373F /* CoinDataRepository.swift */; };
/* End PBXBuildFile section */

/* Begin PBXContainerItemProxy section */
		E336087828A3649D00D0661E /* PBXContainerItemProxy */ = {
			isa = PBXContainerItemProxy;
			containerPortal = E336085628A3649900D0661E /* Project object */;
			proxyType = 1;
			remoteGlobalIDString = E336085D28A3649900D0661E;
			remoteInfo = CryptoTracker;
		};
		E336088328A3649D00D0661E /* PBXContainerItemProxy */ = {
			isa = PBXContainerItemProxy;
			containerPortal = E336085628A3649900D0661E /* Project object */;
			proxyType = 1;
			remoteGlobalIDString = E336085D28A3649900D0661E;
			remoteInfo = CryptoTracker;
		};
/* End PBXContainerItemProxy section */

/* Begin PBXCopyFilesBuildPhase section */
		E33608A228A365C700D0661E /* Embed Frameworks */ = {
			isa = PBXCopyFilesBuildPhase;
			buildActionMask = 2147483647;
			dstPath = "";
			dstSubfolderSpec = 10;
			files = (
			);
			name = "Embed Frameworks";
			runOnlyForDeploymentPostprocessing = 0;
		};
/* End PBXCopyFilesBuildPhase section */

/* Begin PBXFileReference section */
		E31021B928A9E04E002D3D4D /* SearchViewController.swift */ = {isa = PBXFileReference; lastKnownFileType = sourcecode.swift; path = SearchViewController.swift; sourceTree = "<group>"; };
		E31021BA28A9E04E002D3D4D /* SearchViewController.xib */ = {isa = PBXFileReference; lastKnownFileType = file.xib; path = SearchViewController.xib; sourceTree = "<group>"; };
		E31021C028A9E527002D3D4D /* CoinCell.swift */ = {isa = PBXFileReference; lastKnownFileType = sourcecode.swift; path = CoinCell.swift; sourceTree = "<group>"; };
		E31021C128A9E527002D3D4D /* CoinCell.xib */ = {isa = PBXFileReference; lastKnownFileType = file.xib; path = CoinCell.xib; sourceTree = "<group>"; };
		E31021C728AA1C2E002D3D4D /* DetailViewController.swift */ = {isa = PBXFileReference; lastKnownFileType = sourcecode.swift; path = DetailViewController.swift; sourceTree = "<group>"; };
		E31021C828AA1C2E002D3D4D /* DetailViewController.xib */ = {isa = PBXFileReference; lastKnownFileType = file.xib; path = DetailViewController.xib; sourceTree = "<group>"; };
		E31021D128AB29CA002D3D4D /* APIRepository.swift */ = {isa = PBXFileReference; lastKnownFileType = sourcecode.swift; path = APIRepository.swift; sourceTree = "<group>"; };
		E31021D528AB29D7002D3D4D /* Reponse.swift */ = {isa = PBXFileReference; lastKnownFileType = sourcecode.swift; path = Reponse.swift; sourceTree = "<group>"; };
		E31021DB28AB354D002D3D4D /* UIImageView+Extensions.swift */ = {isa = PBXFileReference; lastKnownFileType = sourcecode.swift; path = "UIImageView+Extensions.swift"; sourceTree = "<group>"; };
		E31021DF28AB6FF6002D3D4D /* ImageManager.swift */ = {isa = PBXFileReference; lastKnownFileType = sourcecode.swift; path = ImageManager.swift; sourceTree = "<group>"; };
		E31021E328AB822A002D3D4D /* CoinList.swift */ = {isa = PBXFileReference; lastKnownFileType = sourcecode.swift; path = CoinList.swift; sourceTree = "<group>"; };
		E31021ED28AC908E002D3D4D /* UILable+Extensions.swift */ = {isa = PBXFileReference; lastKnownFileType = sourcecode.swift; path = "UILable+Extensions.swift"; sourceTree = "<group>"; };
		E336085E28A3649900D0661E /* CryptoTracker.app */ = {isa = PBXFileReference; explicitFileType = wrapper.application; includeInIndex = 0; path = CryptoTracker.app; sourceTree = BUILT_PRODUCTS_DIR; };
		E336086128A3649900D0661E /* AppDelegate.swift */ = {isa = PBXFileReference; lastKnownFileType = sourcecode.swift; path = AppDelegate.swift; sourceTree = "<group>"; };
		E336086328A3649900D0661E /* SceneDelegate.swift */ = {isa = PBXFileReference; lastKnownFileType = sourcecode.swift; path = SceneDelegate.swift; sourceTree = "<group>"; };
		E336086D28A3649D00D0661E /* Assets.xcassets */ = {isa = PBXFileReference; lastKnownFileType = folder.assetcatalog; path = Assets.xcassets; sourceTree = "<group>"; };
		E336087028A3649D00D0661E /* Base */ = {isa = PBXFileReference; lastKnownFileType = file.storyboard; name = Base; path = Base.lproj/LaunchScreen.storyboard; sourceTree = "<group>"; };
		E336087228A3649D00D0661E /* Info.plist */ = {isa = PBXFileReference; lastKnownFileType = text.plist.xml; name = Info.plist; path = CryptoTracker/Resources/Info.plist; sourceTree = SOURCE_ROOT; };
		E336087728A3649D00D0661E /* CryptoTrackerTests.xctest */ = {isa = PBXFileReference; explicitFileType = wrapper.cfbundle; includeInIndex = 0; path = CryptoTrackerTests.xctest; sourceTree = BUILT_PRODUCTS_DIR; };
		E336087B28A3649D00D0661E /* CryptoTrackerTests.swift */ = {isa = PBXFileReference; lastKnownFileType = sourcecode.swift; path = CryptoTrackerTests.swift; sourceTree = "<group>"; };
		E336087D28A3649D00D0661E /* Info.plist */ = {isa = PBXFileReference; lastKnownFileType = text.plist.xml; path = Info.plist; sourceTree = "<group>"; };
		E336088228A3649D00D0661E /* CryptoTrackerUITests.xctest */ = {isa = PBXFileReference; explicitFileType = wrapper.cfbundle; includeInIndex = 0; path = CryptoTrackerUITests.xctest; sourceTree = BUILT_PRODUCTS_DIR; };
		E336088628A3649D00D0661E /* CryptoTrackerUITests.swift */ = {isa = PBXFileReference; lastKnownFileType = sourcecode.swift; path = CryptoTrackerUITests.swift; sourceTree = "<group>"; };
		E336088828A3649D00D0661E /* Info.plist */ = {isa = PBXFileReference; lastKnownFileType = text.plist.xml; path = Info.plist; sourceTree = "<group>"; };
		E33608E928A49CA500D0661E /* PortfolioViewController.swift */ = {isa = PBXFileReference; lastKnownFileType = sourcecode.swift; path = PortfolioViewController.swift; sourceTree = "<group>"; };
		E33608EA28A49CA500D0661E /* PortfolioViewController.xib */ = {isa = PBXFileReference; lastKnownFileType = file.xib; path = PortfolioViewController.xib; sourceTree = "<group>"; };
		E33608F528A49CDF00D0661E /* HomeViewController.swift */ = {isa = PBXFileReference; lastKnownFileType = sourcecode.swift; path = HomeViewController.swift; sourceTree = "<group>"; };
		E33608F628A49CDF00D0661E /* HomeViewController.xib */ = {isa = PBXFileReference; lastKnownFileType = file.xib; path = HomeViewController.xib; sourceTree = "<group>"; };
		E33608FF28A49CFB00D0661E /* CalculatorViewController.swift */ = {isa = PBXFileReference; lastKnownFileType = sourcecode.swift; path = CalculatorViewController.swift; sourceTree = "<group>"; };
		E336090028A49CFB00D0661E /* CalculatorViewController.xib */ = {isa = PBXFileReference; lastKnownFileType = file.xib; path = CalculatorViewController.xib; sourceTree = "<group>"; };
		E336091A28A4A01000D0661E /* TabbarViewController.swift */ = {isa = PBXFileReference; lastKnownFileType = sourcecode.swift; path = TabbarViewController.swift; sourceTree = "<group>"; };
		E336093728A4E83800D0661E /* TabbarItems.swift */ = {isa = PBXFileReference; lastKnownFileType = sourcecode.swift; path = TabbarItems.swift; sourceTree = "<group>"; };
		E336094128A4F9B600D0661E /* Coin.swift */ = {isa = PBXFileReference; lastKnownFileType = sourcecode.swift; path = Coin.swift; sourceTree = "<group>"; };
		E336094728A4FEE400D0661E /* APIService.swift */ = {isa = PBXFileReference; lastKnownFileType = sourcecode.swift; path = APIService.swift; sourceTree = "<group>"; };
		E336094B28A507A500D0661E /* Network.swift */ = {isa = PBXFileReference; lastKnownFileType = sourcecode.swift; path = Network.swift; sourceTree = "<group>"; };
		E362EE0A28BBB48A00554DA8 /* PortfolioCoin+CoreDataClass.swift */ = {isa = PBXFileReference; lastKnownFileType = sourcecode.swift; path = "PortfolioCoin+CoreDataClass.swift"; sourceTree = "<group>"; };
		E362EE0B28BBB48A00554DA8 /* PortfolioCoin+CoreDataProperties.swift */ = {isa = PBXFileReference; lastKnownFileType = sourcecode.swift; path = "PortfolioCoin+CoreDataProperties.swift"; sourceTree = "<group>"; };
		E3CF353E28A5EA4E0043289C /* BaseCoin.swift */ = {isa = PBXFileReference; lastKnownFileType = sourcecode.swift; path = BaseCoin.swift; sourceTree = "<group>"; };
		E3CF354228A5EC130043289C /* Ranking.swift */ = {isa = PBXFileReference; lastKnownFileType = sourcecode.swift; path = Ranking.swift; sourceTree = "<group>"; };
		E3CF355D28A62C970043289C /* RequestError.swift */ = {isa = PBXFileReference; lastKnownFileType = sourcecode.swift; path = RequestError.swift; sourceTree = "<group>"; };
		E3EF5D3128ADD75D00ED1588 /* HTTPMethod.swift */ = {isa = PBXFileReference; lastKnownFileType = sourcecode.swift; path = HTTPMethod.swift; sourceTree = "<group>"; };
		E3EF5D3528ADE98B00ED1588 /* UIViewController+Extenstions.swift */ = {isa = PBXFileReference; lastKnownFileType = sourcecode.swift; path = "UIViewController+Extenstions.swift"; sourceTree = "<group>"; };
		E3EF5D5828AFB18900ED1588 /* UINavigationController+Extensions.swift */ = {isa = PBXFileReference; lastKnownFileType = sourcecode.swift; path = "UINavigationController+Extensions.swift"; sourceTree = "<group>"; };
		E3EF5D5C28AFB27100ED1588 /* Key.plist */ = {isa = PBXFileReference; lastKnownFileType = text.plist.xml; path = Key.plist; sourceTree = "<group>"; };
		E3FF502028B33A2900CF373F /* Constants.swift */ = {isa = PBXFileReference; lastKnownFileType = sourcecode.swift; path = Constants.swift; sourceTree = "<group>"; };
		E3FF503E28B473A900CF373F /* DetailCoin.swift */ = {isa = PBXFileReference; lastKnownFileType = sourcecode.swift; path = DetailCoin.swift; sourceTree = "<group>"; };
		E3FF504328B4798800CF373F /* Supply.swift */ = {isa = PBXFileReference; lastKnownFileType = sourcecode.swift; path = Supply.swift; sourceTree = "<group>"; };
		E3FF504928B4799000CF373F /* Link.swift */ = {isa = PBXFileReference; lastKnownFileType = sourcecode.swift; path = Link.swift; sourceTree = "<group>"; };
		E3FF505328B4BF7000CF373F /* HistoryStats.swift */ = {isa = PBXFileReference; lastKnownFileType = sourcecode.swift; path = HistoryStats.swift; sourceTree = "<group>"; };
		E3FF505728B4C5A700CF373F /* TimeSegment.swift */ = {isa = PBXFileReference; lastKnownFileType = sourcecode.swift; path = TimeSegment.swift; sourceTree = "<group>"; };
		E3FF50ED28B66F4A00CF373F /* String+Extensions.swift */ = {isa = PBXFileReference; lastKnownFileType = sourcecode.swift; path = "String+Extensions.swift"; sourceTree = "<group>"; };
		E3FF50F328B70F7100CF373F /* WatchListViewController.swift */ = {isa = PBXFileReference; lastKnownFileType = sourcecode.swift; path = WatchListViewController.swift; sourceTree = "<group>"; };
		E3FF50F428B70F7100CF373F /* WatchListViewController.xib */ = {isa = PBXFileReference; lastKnownFileType = file.xib; path = WatchListViewController.xib; sourceTree = "<group>"; };
		E3FF510B28B7489B00CF373F /* UIView+Extensions.swift */ = {isa = PBXFileReference; lastKnownFileType = sourcecode.swift; path = "UIView+Extensions.swift"; sourceTree = "<group>"; };
		E3FF517528B87EB600CF373F /* CrytoTrackerer.xcdatamodel */ = {isa = PBXFileReference; lastKnownFileType = wrapper.xcdatamodel; path = CrytoTrackerer.xcdatamodel; sourceTree = "<group>"; };
		E3FF517928B87F3900CF373F /* WatchlistCoin+CoreDataClass.swift */ = {isa = PBXFileReference; lastKnownFileType = sourcecode.swift; path = "WatchlistCoin+CoreDataClass.swift"; sourceTree = "<group>"; };
		E3FF517A28B87F3900CF373F /* WatchlistCoin+CoreDataProperties.swift */ = {isa = PBXFileReference; lastKnownFileType = sourcecode.swift; path = "WatchlistCoin+CoreDataProperties.swift"; sourceTree = "<group>"; };
		E3FF518128B87F5800CF373F /* CoinDataRepository.swift */ = {isa = PBXFileReference; lastKnownFileType = sourcecode.swift; path = CoinDataRepository.swift; sourceTree = "<group>"; };
/* End PBXFileReference section */

/* Begin PBXFrameworksBuildPhase section */
		E336085B28A3649900D0661E /* Frameworks */ = {
			isa = PBXFrameworksBuildPhase;
			buildActionMask = 2147483647;
			files = (
				E336089E28A365C700D0661E /* Charts in Frameworks */,
			);
			runOnlyForDeploymentPostprocessing = 0;
		};
		E336087428A3649D00D0661E /* Frameworks */ = {
			isa = PBXFrameworksBuildPhase;
			buildActionMask = 2147483647;
			files = (
			);
			runOnlyForDeploymentPostprocessing = 0;
		};
		E336087F28A3649D00D0661E /* Frameworks */ = {
			isa = PBXFrameworksBuildPhase;
			buildActionMask = 2147483647;
			files = (
			);
			runOnlyForDeploymentPostprocessing = 0;
		};
/* End PBXFrameworksBuildPhase section */

/* Begin PBXGroup section */
		E31021B828A9E012002D3D4D /* Search */ = {
			isa = PBXGroup;
			children = (
				E31021B928A9E04E002D3D4D /* SearchViewController.swift */,
				E31021BA28A9E04E002D3D4D /* SearchViewController.xib */,
			);
			path = Search;
			sourceTree = "<group>";
		};
		E31021BF28A9E498002D3D4D /* Home Cell */ = {
			isa = PBXGroup;
			children = (
				E31021C028A9E527002D3D4D /* CoinCell.swift */,
				E31021C128A9E527002D3D4D /* CoinCell.xib */,
			);
			path = "Home Cell";
			sourceTree = "<group>";
		};
		E31021C628AA1C0E002D3D4D /* Detail */ = {
			isa = PBXGroup;
			children = (
				E31021C728AA1C2E002D3D4D /* DetailViewController.swift */,
				E31021C828AA1C2E002D3D4D /* DetailViewController.xib */,
			);
			path = Detail;
			sourceTree = "<group>";
		};
		E336085528A3649900D0661E = {
			isa = PBXGroup;
			children = (
				E336086028A3649900D0661E /* CryptoTracker */,
				E336087A28A3649D00D0661E /* CryptoTrackerTests */,
				E336088528A3649D00D0661E /* CryptoTrackerUITests */,
				E336085F28A3649900D0661E /* Products */,
			);
			sourceTree = "<group>";
		};
		E336085F28A3649900D0661E /* Products */ = {
			isa = PBXGroup;
			children = (
				E336085E28A3649900D0661E /* CryptoTracker.app */,
				E336087728A3649D00D0661E /* CryptoTrackerTests.xctest */,
				E336088228A3649D00D0661E /* CryptoTrackerUITests.xctest */,
			);
			name = Products;
			sourceTree = "<group>";
		};
		E336086028A3649900D0661E /* CryptoTracker */ = {
			isa = PBXGroup;
			children = (
				E336093F28A4F50600D0661E /* Data */,
				E33608AC28A3677600D0661E /* Core data */,
				E33608AA28A3674100D0661E /* Scenes */,
				E33608A528A365E000D0661E /* AppDelegates */,
				E336089428A364A400D0661E /* Extensions */,
				E336089828A364AB00D0661E /* Resources */,
			);
			path = CryptoTracker;
			sourceTree = "<group>";
		};
		E336087A28A3649D00D0661E /* CryptoTrackerTests */ = {
			isa = PBXGroup;
			children = (
				E336087B28A3649D00D0661E /* CryptoTrackerTests.swift */,
				E336087D28A3649D00D0661E /* Info.plist */,
			);
			path = CryptoTrackerTests;
			sourceTree = "<group>";
		};
		E336088528A3649D00D0661E /* CryptoTrackerUITests */ = {
			isa = PBXGroup;
			children = (
				E336088628A3649D00D0661E /* CryptoTrackerUITests.swift */,
				E336088828A3649D00D0661E /* Info.plist */,
			);
			path = CryptoTrackerUITests;
			sourceTree = "<group>";
		};
		E336089428A364A400D0661E /* Extensions */ = {
			isa = PBXGroup;
			children = (
				E31021DB28AB354D002D3D4D /* UIImageView+Extensions.swift */,
				E31021ED28AC908E002D3D4D /* UILable+Extensions.swift */,
				E3EF5D3528ADE98B00ED1588 /* UIViewController+Extenstions.swift */,
				E3EF5D5828AFB18900ED1588 /* UINavigationController+Extensions.swift */,
				E3FF50ED28B66F4A00CF373F /* String+Extensions.swift */,
				E3FF510B28B7489B00CF373F /* UIView+Extensions.swift */,
			);
			path = Extensions;
			sourceTree = "<group>";
		};
		E336089828A364AB00D0661E /* Resources */ = {
			isa = PBXGroup;
			children = (
				E336087228A3649D00D0661E /* Info.plist */,
				E336086D28A3649D00D0661E /* Assets.xcassets */,
				E3EF5D5C28AFB27100ED1588 /* Key.plist */,
			);
			path = Resources;
			sourceTree = "<group>";
		};
		E33608A528A365E000D0661E /* AppDelegates */ = {
			isa = PBXGroup;
			children = (
				E336086128A3649900D0661E /* AppDelegate.swift */,
				E336086328A3649900D0661E /* SceneDelegate.swift */,
			);
			path = AppDelegates;
			sourceTree = "<group>";
		};
		E33608AA28A3674100D0661E /* Scenes */ = {
			isa = PBXGroup;
			children = (
				E33608CF28A4975600D0661E /* Home */,
				E31021C628AA1C0E002D3D4D /* Detail */,
				E31021B828A9E012002D3D4D /* Search */,
				E336092A28A4B91000D0661E /* Tabbar */,
				E33608D228A4979B00D0661E /* Caculator */,
				E33608D128A4977C00D0661E /* WatchList */,
				E33608D328A497D700D0661E /* Portfolio */,
				E33608AB28A3674500D0661E /* Base.lproj */,
			);
			path = Scenes;
			sourceTree = "<group>";
		};
		E33608AB28A3674500D0661E /* Base.lproj */ = {
			isa = PBXGroup;
			children = (
				E336086F28A3649D00D0661E /* LaunchScreen.storyboard */,
			);
			path = Base.lproj;
			sourceTree = "<group>";
		};
		E33608AC28A3677600D0661E /* Core data */ = {
			isa = PBXGroup;
			children = (
				E362EE0A28BBB48A00554DA8 /* PortfolioCoin+CoreDataClass.swift */,
				E362EE0B28BBB48A00554DA8 /* PortfolioCoin+CoreDataProperties.swift */,
				E3FF517928B87F3900CF373F /* WatchlistCoin+CoreDataClass.swift */,
				E3FF517A28B87F3900CF373F /* WatchlistCoin+CoreDataProperties.swift */,
				E3FF517428B87EB600CF373F /* CrytoTrackerer.xcdatamodeld */,
				E3FF518128B87F5800CF373F /* CoinDataRepository.swift */,
			);
			path = "Core data";
			sourceTree = "<group>";
		};
		E33608CF28A4975600D0661E /* Home */ = {
			isa = PBXGroup;
			children = (
				E31021BF28A9E498002D3D4D /* Home Cell */,
				E33608F528A49CDF00D0661E /* HomeViewController.swift */,
				E33608F628A49CDF00D0661E /* HomeViewController.xib */,
			);
			path = Home;
			sourceTree = "<group>";
		};
		E33608D128A4977C00D0661E /* WatchList */ = {
			isa = PBXGroup;
			children = (
				E3FF50F328B70F7100CF373F /* WatchListViewController.swift */,
				E3FF50F428B70F7100CF373F /* WatchListViewController.xib */,
			);
			path = WatchList;
			sourceTree = "<group>";
		};
		E33608D228A4979B00D0661E /* Caculator */ = {
			isa = PBXGroup;
			children = (
				E33608FF28A49CFB00D0661E /* CalculatorViewController.swift */,
				E336090028A49CFB00D0661E /* CalculatorViewController.xib */,
			);
			path = Caculator;
			sourceTree = "<group>";
		};
		E33608D328A497D700D0661E /* Portfolio */ = {
			isa = PBXGroup;
			children = (
				E33608E928A49CA500D0661E /* PortfolioViewController.swift */,
				E33608EA28A49CA500D0661E /* PortfolioViewController.xib */,
			);
			path = Portfolio;
			sourceTree = "<group>";
		};
		E336092A28A4B91000D0661E /* Tabbar */ = {
			isa = PBXGroup;
			children = (
				E336091A28A4A01000D0661E /* TabbarViewController.swift */,
				E336093728A4E83800D0661E /* TabbarItems.swift */,
			);
			path = Tabbar;
			sourceTree = "<group>";
		};
		E336093F28A4F50600D0661E /* Data */ = {
			isa = PBXGroup;
			children = (
				E336094028A4F50B00D0661E /* Model */,
			);
			path = Data;
			sourceTree = "<group>";
		};
		E336094028A4F50B00D0661E /* Model */ = {
			isa = PBXGroup;
			children = (
				E3FF504228B4797000CF373F /* Detail Coin */,
				E3CF353728A5EA0F0043289C /* Networking */,
				E3CF354228A5EC130043289C /* Ranking.swift */,
				E336094128A4F9B600D0661E /* Coin.swift */,
				E3CF353E28A5EA4E0043289C /* BaseCoin.swift */,
				E31021D528AB29D7002D3D4D /* Reponse.swift */,
				E31021DF28AB6FF6002D3D4D /* ImageManager.swift */,
				E31021E328AB822A002D3D4D /* CoinList.swift */,
				E3FF502028B33A2900CF373F /* Constants.swift */,
			);
			path = Model;
			sourceTree = "<group>";
		};
		E3CF353728A5EA0F0043289C /* Networking */ = {
			isa = PBXGroup;
			children = (
				E336094728A4FEE400D0661E /* APIService.swift */,
				E336094B28A507A500D0661E /* Network.swift */,
				E3CF355D28A62C970043289C /* RequestError.swift */,
				E31021D128AB29CA002D3D4D /* APIRepository.swift */,
				E3EF5D3128ADD75D00ED1588 /* HTTPMethod.swift */,
			);
			path = Networking;
			sourceTree = "<group>";
		};
		E3FF504228B4797000CF373F /* Detail Coin */ = {
			isa = PBXGroup;
			children = (
				E3FF503E28B473A900CF373F /* DetailCoin.swift */,
				E3FF504328B4798800CF373F /* Supply.swift */,
				E3FF504928B4799000CF373F /* Link.swift */,
				E3FF505328B4BF7000CF373F /* HistoryStats.swift */,
				E3FF505728B4C5A700CF373F /* TimeSegment.swift */,
			);
			path = "Detail Coin";
			sourceTree = "<group>";
		};
/* End PBXGroup section */

/* Begin PBXNativeTarget section */
		E336085D28A3649900D0661E /* CryptoTracker */ = {
			isa = PBXNativeTarget;
			buildConfigurationList = E336088B28A3649D00D0661E /* Build configuration list for PBXNativeTarget "CryptoTracker" */;
			buildPhases = (
				E336085A28A3649900D0661E /* Sources */,
				E336085B28A3649900D0661E /* Frameworks */,
				E336085C28A3649900D0661E /* Resources */,
				E33608A228A365C700D0661E /* Embed Frameworks */,
				E33608C428A3A18500D0661E /* ShellScript */,
			);
			buildRules = (
			);
			dependencies = (
			);
			name = CryptoTracker;
			packageProductDependencies = (
				E336089D28A365C700D0661E /* Charts */,
			);
			productName = CryptoTracker;
			productReference = E336085E28A3649900D0661E /* CryptoTracker.app */;
			productType = "com.apple.product-type.application";
		};
		E336087628A3649D00D0661E /* CryptoTrackerTests */ = {
			isa = PBXNativeTarget;
			buildConfigurationList = E336088E28A3649D00D0661E /* Build configuration list for PBXNativeTarget "CryptoTrackerTests" */;
			buildPhases = (
				E336087328A3649D00D0661E /* Sources */,
				E336087428A3649D00D0661E /* Frameworks */,
				E336087528A3649D00D0661E /* Resources */,
			);
			buildRules = (
			);
			dependencies = (
				E336087928A3649D00D0661E /* PBXTargetDependency */,
			);
			name = CryptoTrackerTests;
			productName = CryptoTrackerTests;
			productReference = E336087728A3649D00D0661E /* CryptoTrackerTests.xctest */;
			productType = "com.apple.product-type.bundle.unit-test";
		};
		E336088128A3649D00D0661E /* CryptoTrackerUITests */ = {
			isa = PBXNativeTarget;
			buildConfigurationList = E336089128A3649D00D0661E /* Build configuration list for PBXNativeTarget "CryptoTrackerUITests" */;
			buildPhases = (
				E336087E28A3649D00D0661E /* Sources */,
				E336087F28A3649D00D0661E /* Frameworks */,
				E336088028A3649D00D0661E /* Resources */,
			);
			buildRules = (
			);
			dependencies = (
				E336088428A3649D00D0661E /* PBXTargetDependency */,
			);
			name = CryptoTrackerUITests;
			productName = CryptoTrackerUITests;
			productReference = E336088228A3649D00D0661E /* CryptoTrackerUITests.xctest */;
			productType = "com.apple.product-type.bundle.ui-testing";
		};
/* End PBXNativeTarget section */

/* Begin PBXProject section */
		E336085628A3649900D0661E /* Project object */ = {
			isa = PBXProject;
			attributes = {
				LastSwiftUpdateCheck = 1240;
				LastUpgradeCheck = 1240;
				TargetAttributes = {
					E336085D28A3649900D0661E = {
						CreatedOnToolsVersion = 12.4;
					};
					E336087628A3649D00D0661E = {
						CreatedOnToolsVersion = 12.4;
						TestTargetID = E336085D28A3649900D0661E;
					};
					E336088128A3649D00D0661E = {
						CreatedOnToolsVersion = 12.4;
						TestTargetID = E336085D28A3649900D0661E;
					};
				};
			};
			buildConfigurationList = E336085928A3649900D0661E /* Build configuration list for PBXProject "CryptoTracker" */;
			compatibilityVersion = "Xcode 9.3";
			developmentRegion = en;
			hasScannedForEncodings = 0;
			knownRegions = (
				en,
				Base,
			);
			mainGroup = E336085528A3649900D0661E;
			packageReferences = (
				E336089C28A365C700D0661E /* XCRemoteSwiftPackageReference "Charts" */,
			);
			productRefGroup = E336085F28A3649900D0661E /* Products */;
			projectDirPath = "";
			projectRoot = "";
			targets = (
				E336085D28A3649900D0661E /* CryptoTracker */,
				E336087628A3649D00D0661E /* CryptoTrackerTests */,
				E336088128A3649D00D0661E /* CryptoTrackerUITests */,
			);
		};
/* End PBXProject section */

/* Begin PBXResourcesBuildPhase section */
		E336085C28A3649900D0661E /* Resources */ = {
			isa = PBXResourcesBuildPhase;
			buildActionMask = 2147483647;
			files = (
				E336087128A3649D00D0661E /* LaunchScreen.storyboard in Resources */,
				E33608EC28A49CA500D0661E /* PortfolioViewController.xib in Resources */,
				E3FF50F628B70F7100CF373F /* WatchListViewController.xib in Resources */,
				E33608F828A49CDF00D0661E /* HomeViewController.xib in Resources */,
				E336086E28A3649D00D0661E /* Assets.xcassets in Resources */,
				E31021BC28A9E04E002D3D4D /* SearchViewController.xib in Resources */,
				E3EF5D5D28AFB27100ED1588 /* Key.plist in Resources */,
				E31021CA28AA1C2E002D3D4D /* DetailViewController.xib in Resources */,
				E31021C328A9E527002D3D4D /* CoinCell.xib in Resources */,
				E336090228A49CFB00D0661E /* CalculatorViewController.xib in Resources */,
			);
			runOnlyForDeploymentPostprocessing = 0;
		};
		E336087528A3649D00D0661E /* Resources */ = {
			isa = PBXResourcesBuildPhase;
			buildActionMask = 2147483647;
			files = (
			);
			runOnlyForDeploymentPostprocessing = 0;
		};
		E336088028A3649D00D0661E /* Resources */ = {
			isa = PBXResourcesBuildPhase;
			buildActionMask = 2147483647;
			files = (
			);
			runOnlyForDeploymentPostprocessing = 0;
		};
/* End PBXResourcesBuildPhase section */

/* Begin PBXShellScriptBuildPhase section */
		E33608C428A3A18500D0661E /* ShellScript */ = {
			isa = PBXShellScriptBuildPhase;
			buildActionMask = 2147483647;
			files = (
			);
			inputFileListPaths = (
			);
			inputPaths = (
			);
			outputFileListPaths = (
			);
			outputPaths = (
			);
			runOnlyForDeploymentPostprocessing = 0;
			shellPath = /bin/sh;
			shellScript = "if which swiftlint >/dev/null; then\nswiftlint\nelse\necho \"warning: SwiftLint not installed, download from https://github.com/realm/SwiftLint\"\nfi\n";
		};
/* End PBXShellScriptBuildPhase section */

/* Begin PBXSourcesBuildPhase section */
		E336085A28A3649900D0661E /* Sources */ = {
			isa = PBXSourcesBuildPhase;
			buildActionMask = 2147483647;
			files = (
				E336093828A4E83800D0661E /* TabbarItems.swift in Sources */,
				E3EF5D3628ADE98B00ED1588 /* UIViewController+Extenstions.swift in Sources */,
				E336086228A3649900D0661E /* AppDelegate.swift in Sources */,
				E336094C28A507A500D0661E /* Network.swift in Sources */,
				E336090128A49CFB00D0661E /* CalculatorViewController.swift in Sources */,
				E31021EE28AC908F002D3D4D /* UILable+Extensions.swift in Sources */,
				E336086428A3649900D0661E /* SceneDelegate.swift in Sources */,
				E3FF510C28B7489B00CF373F /* UIView+Extensions.swift in Sources */,
				E336094828A4FEE400D0661E /* APIService.swift in Sources */,
				E31021D228AB29CA002D3D4D /* APIRepository.swift in Sources */,
				E362EE0C28BBB48A00554DA8 /* PortfolioCoin+CoreDataClass.swift in Sources */,
				E3EF5D3228ADD75D00ED1588 /* HTTPMethod.swift in Sources */,
				E3FF50F528B70F7100CF373F /* WatchListViewController.swift in Sources */,
				E3FF518228B87F5800CF373F /* CoinDataRepository.swift in Sources */,
				E3FF517628B87EB600CF373F /* CrytoTrackerer.xcdatamodeld in Sources */,
				E33608EB28A49CA500D0661E /* PortfolioViewController.swift in Sources */,
				E3FF504A28B4799000CF373F /* Link.swift in Sources */,
				E3FF50EE28B66F4B00CF373F /* String+Extensions.swift in Sources */,
				E3FF502128B33A2900CF373F /* Constants.swift in Sources */,
				E362EE0D28BBB48A00554DA8 /* PortfolioCoin+CoreDataProperties.swift in Sources */,
				E3FF504428B4798800CF373F /* Supply.swift in Sources */,
				E3FF505428B4BF7000CF373F /* HistoryStats.swift in Sources */,
				E3FF517C28B87F3900CF373F /* WatchlistCoin+CoreDataProperties.swift in Sources */,
				E31021E028AB6FF6002D3D4D /* ImageManager.swift in Sources */,
				E3FF517B28B87F3900CF373F /* WatchlistCoin+CoreDataClass.swift in Sources */,
				E31021E428AB822A002D3D4D /* CoinList.swift in Sources */,
				E31021C928AA1C2E002D3D4D /* DetailViewController.swift in Sources */,
				E3CF353F28A5EA4E0043289C /* BaseCoin.swift in Sources */,
				E31021C228A9E527002D3D4D /* CoinCell.swift in Sources */,
				E31021BB28A9E04E002D3D4D /* SearchViewController.swift in Sources */,
				E3CF354328A5EC130043289C /* Ranking.swift in Sources */,
				E3FF505828B4C5A700CF373F /* TimeSegment.swift in Sources */,
				E31021DC28AB354D002D3D4D /* UIImageView+Extensions.swift in Sources */,
				E3CF355E28A62C970043289C /* RequestError.swift in Sources */,
				E31021D628AB29D7002D3D4D /* Reponse.swift in Sources */,
				E3FF503F28B473A900CF373F /* DetailCoin.swift in Sources */,
				E33608F728A49CDF00D0661E /* HomeViewController.swift in Sources */,
				E336094228A4F9B600D0661E /* Coin.swift in Sources */,
				E3EF5D5928AFB18900ED1588 /* UINavigationController+Extensions.swift in Sources */,
				E336091B28A4A01000D0661E /* TabbarViewController.swift in Sources */,
			);
			runOnlyForDeploymentPostprocessing = 0;
		};
		E336087328A3649D00D0661E /* Sources */ = {
			isa = PBXSourcesBuildPhase;
			buildActionMask = 2147483647;
			files = (
				E336087C28A3649D00D0661E /* CryptoTrackerTests.swift in Sources */,
			);
			runOnlyForDeploymentPostprocessing = 0;
		};
		E336087E28A3649D00D0661E /* Sources */ = {
			isa = PBXSourcesBuildPhase;
			buildActionMask = 2147483647;
			files = (
				E336088728A3649D00D0661E /* CryptoTrackerUITests.swift in Sources */,
			);
			runOnlyForDeploymentPostprocessing = 0;
		};
/* End PBXSourcesBuildPhase section */

/* Begin PBXTargetDependency section */
		E336087928A3649D00D0661E /* PBXTargetDependency */ = {
			isa = PBXTargetDependency;
			target = E336085D28A3649900D0661E /* CryptoTracker */;
			targetProxy = E336087828A3649D00D0661E /* PBXContainerItemProxy */;
		};
		E336088428A3649D00D0661E /* PBXTargetDependency */ = {
			isa = PBXTargetDependency;
			target = E336085D28A3649900D0661E /* CryptoTracker */;
			targetProxy = E336088328A3649D00D0661E /* PBXContainerItemProxy */;
		};
/* End PBXTargetDependency section */

/* Begin PBXVariantGroup section */
		E336086F28A3649D00D0661E /* LaunchScreen.storyboard */ = {
			isa = PBXVariantGroup;
			children = (
				E336087028A3649D00D0661E /* Base */,
			);
			name = LaunchScreen.storyboard;
			sourceTree = "<group>";
		};
/* End PBXVariantGroup section */

/* Begin XCBuildConfiguration section */
		E336088928A3649D00D0661E /* Debug */ = {
			isa = XCBuildConfiguration;
			buildSettings = {
				ALWAYS_SEARCH_USER_PATHS = NO;
				CLANG_ANALYZER_NONNULL = YES;
				CLANG_ANALYZER_NUMBER_OBJECT_CONVERSION = YES_AGGRESSIVE;
				CLANG_CXX_LANGUAGE_STANDARD = "gnu++14";
				CLANG_CXX_LIBRARY = "libc++";
				CLANG_ENABLE_MODULES = YES;
				CLANG_ENABLE_OBJC_ARC = YES;
				CLANG_ENABLE_OBJC_WEAK = YES;
				CLANG_WARN_BLOCK_CAPTURE_AUTORELEASING = YES;
				CLANG_WARN_BOOL_CONVERSION = YES;
				CLANG_WARN_COMMA = YES;
				CLANG_WARN_CONSTANT_CONVERSION = YES;
				CLANG_WARN_DEPRECATED_OBJC_IMPLEMENTATIONS = YES;
				CLANG_WARN_DIRECT_OBJC_ISA_USAGE = YES_ERROR;
				CLANG_WARN_DOCUMENTATION_COMMENTS = YES;
				CLANG_WARN_EMPTY_BODY = YES;
				CLANG_WARN_ENUM_CONVERSION = YES;
				CLANG_WARN_INFINITE_RECURSION = YES;
				CLANG_WARN_INT_CONVERSION = YES;
				CLANG_WARN_NON_LITERAL_NULL_CONVERSION = YES;
				CLANG_WARN_OBJC_IMPLICIT_RETAIN_SELF = YES;
				CLANG_WARN_OBJC_LITERAL_CONVERSION = YES;
				CLANG_WARN_OBJC_ROOT_CLASS = YES_ERROR;
				CLANG_WARN_QUOTED_INCLUDE_IN_FRAMEWORK_HEADER = YES;
				CLANG_WARN_RANGE_LOOP_ANALYSIS = YES;
				CLANG_WARN_STRICT_PROTOTYPES = YES;
				CLANG_WARN_SUSPICIOUS_MOVE = YES;
				CLANG_WARN_UNGUARDED_AVAILABILITY = YES_AGGRESSIVE;
				CLANG_WARN_UNREACHABLE_CODE = YES;
				CLANG_WARN__DUPLICATE_METHOD_MATCH = YES;
				COPY_PHASE_STRIP = NO;
				DEBUG_INFORMATION_FORMAT = dwarf;
				DISABLE_DIAMOND_PROBLEM_DIAGNOSTIC = YES;
				ENABLE_STRICT_OBJC_MSGSEND = YES;
				ENABLE_TESTABILITY = YES;
				GCC_C_LANGUAGE_STANDARD = gnu11;
				GCC_DYNAMIC_NO_PIC = NO;
				GCC_NO_COMMON_BLOCKS = YES;
				GCC_OPTIMIZATION_LEVEL = 0;
				GCC_PREPROCESSOR_DEFINITIONS = (
					"DEBUG=1",
					"$(inherited)",
				);
				GCC_WARN_64_TO_32_BIT_CONVERSION = YES;
				GCC_WARN_ABOUT_RETURN_TYPE = YES_ERROR;
				GCC_WARN_UNDECLARED_SELECTOR = YES;
				GCC_WARN_UNINITIALIZED_AUTOS = YES_AGGRESSIVE;
				GCC_WARN_UNUSED_FUNCTION = YES;
				GCC_WARN_UNUSED_VARIABLE = YES;
				IPHONEOS_DEPLOYMENT_TARGET = 14.4;
				MTL_ENABLE_DEBUG_INFO = INCLUDE_SOURCE;
				MTL_FAST_MATH = YES;
				ONLY_ACTIVE_ARCH = YES;
				SDKROOT = iphoneos;
				SWIFT_ACTIVE_COMPILATION_CONDITIONS = DEBUG;
				SWIFT_OPTIMIZATION_LEVEL = "-Onone";
			};
			name = Debug;
		};
		E336088A28A3649D00D0661E /* Release */ = {
			isa = XCBuildConfiguration;
			buildSettings = {
				ALWAYS_SEARCH_USER_PATHS = NO;
				CLANG_ANALYZER_NONNULL = YES;
				CLANG_ANALYZER_NUMBER_OBJECT_CONVERSION = YES_AGGRESSIVE;
				CLANG_CXX_LANGUAGE_STANDARD = "gnu++14";
				CLANG_CXX_LIBRARY = "libc++";
				CLANG_ENABLE_MODULES = YES;
				CLANG_ENABLE_OBJC_ARC = YES;
				CLANG_ENABLE_OBJC_WEAK = YES;
				CLANG_WARN_BLOCK_CAPTURE_AUTORELEASING = YES;
				CLANG_WARN_BOOL_CONVERSION = YES;
				CLANG_WARN_COMMA = YES;
				CLANG_WARN_CONSTANT_CONVERSION = YES;
				CLANG_WARN_DEPRECATED_OBJC_IMPLEMENTATIONS = YES;
				CLANG_WARN_DIRECT_OBJC_ISA_USAGE = YES_ERROR;
				CLANG_WARN_DOCUMENTATION_COMMENTS = YES;
				CLANG_WARN_EMPTY_BODY = YES;
				CLANG_WARN_ENUM_CONVERSION = YES;
				CLANG_WARN_INFINITE_RECURSION = YES;
				CLANG_WARN_INT_CONVERSION = YES;
				CLANG_WARN_NON_LITERAL_NULL_CONVERSION = YES;
				CLANG_WARN_OBJC_IMPLICIT_RETAIN_SELF = YES;
				CLANG_WARN_OBJC_LITERAL_CONVERSION = YES;
				CLANG_WARN_OBJC_ROOT_CLASS = YES_ERROR;
				CLANG_WARN_QUOTED_INCLUDE_IN_FRAMEWORK_HEADER = YES;
				CLANG_WARN_RANGE_LOOP_ANALYSIS = YES;
				CLANG_WARN_STRICT_PROTOTYPES = YES;
				CLANG_WARN_SUSPICIOUS_MOVE = YES;
				CLANG_WARN_UNGUARDED_AVAILABILITY = YES_AGGRESSIVE;
				CLANG_WARN_UNREACHABLE_CODE = YES;
				CLANG_WARN__DUPLICATE_METHOD_MATCH = YES;
				COPY_PHASE_STRIP = NO;
				DEBUG_INFORMATION_FORMAT = "dwarf-with-dsym";
				DISABLE_DIAMOND_PROBLEM_DIAGNOSTIC = YES;
				ENABLE_NS_ASSERTIONS = NO;
				ENABLE_STRICT_OBJC_MSGSEND = YES;
				GCC_C_LANGUAGE_STANDARD = gnu11;
				GCC_NO_COMMON_BLOCKS = YES;
				GCC_WARN_64_TO_32_BIT_CONVERSION = YES;
				GCC_WARN_ABOUT_RETURN_TYPE = YES_ERROR;
				GCC_WARN_UNDECLARED_SELECTOR = YES;
				GCC_WARN_UNINITIALIZED_AUTOS = YES_AGGRESSIVE;
				GCC_WARN_UNUSED_FUNCTION = YES;
				GCC_WARN_UNUSED_VARIABLE = YES;
				IPHONEOS_DEPLOYMENT_TARGET = 14.4;
				MTL_ENABLE_DEBUG_INFO = NO;
				MTL_FAST_MATH = YES;
				SDKROOT = iphoneos;
				SWIFT_COMPILATION_MODE = wholemodule;
				SWIFT_OPTIMIZATION_LEVEL = "-O";
				VALIDATE_PRODUCT = YES;
			};
			name = Release;
		};
		E336088C28A3649D00D0661E /* Debug */ = {
			isa = XCBuildConfiguration;
			buildSettings = {
				ASSETCATALOG_COMPILER_APPICON_NAME = AppIcon;
				ASSETCATALOG_COMPILER_GLOBAL_ACCENT_COLOR_NAME = AccentColor;
				CODE_SIGN_STYLE = Automatic;
				INFOPLIST_FILE = CryptoTracker/Resources/Info.plist;
				LD_RUNPATH_SEARCH_PATHS = (
					"$(inherited)",
					"@executable_path/Frameworks",
				);
				PRODUCT_BUNDLE_IDENTIFIER = sun.CryptoTracker;
				PRODUCT_NAME = "$(TARGET_NAME)";
				SWIFT_VERSION = 5.0;
				TARGETED_DEVICE_FAMILY = "1,2";
			};
			name = Debug;
		};
		E336088D28A3649D00D0661E /* Release */ = {
			isa = XCBuildConfiguration;
			buildSettings = {
				ASSETCATALOG_COMPILER_APPICON_NAME = AppIcon;
				ASSETCATALOG_COMPILER_GLOBAL_ACCENT_COLOR_NAME = AccentColor;
				CODE_SIGN_STYLE = Automatic;
				INFOPLIST_FILE = CryptoTracker/Resources/Info.plist;
				LD_RUNPATH_SEARCH_PATHS = (
					"$(inherited)",
					"@executable_path/Frameworks",
				);
				PRODUCT_BUNDLE_IDENTIFIER = sun.CryptoTracker;
				PRODUCT_NAME = "$(TARGET_NAME)";
				SWIFT_VERSION = 5.0;
				TARGETED_DEVICE_FAMILY = "1,2";
			};
			name = Release;
		};
		E336088F28A3649D00D0661E /* Debug */ = {
			isa = XCBuildConfiguration;
			buildSettings = {
				ALWAYS_EMBED_SWIFT_STANDARD_LIBRARIES = YES;
				BUNDLE_LOADER = "$(TEST_HOST)";
				CODE_SIGN_STYLE = Automatic;
				INFOPLIST_FILE = CryptoTrackerTests/Info.plist;
				IPHONEOS_DEPLOYMENT_TARGET = 14.4;
				LD_RUNPATH_SEARCH_PATHS = (
					"$(inherited)",
					"@executable_path/Frameworks",
					"@loader_path/Frameworks",
				);
				PRODUCT_BUNDLE_IDENTIFIER = sun.CryptoTrackerTests;
				PRODUCT_NAME = "$(TARGET_NAME)";
				SWIFT_VERSION = 5.0;
				TARGETED_DEVICE_FAMILY = "1,2";
				TEST_HOST = "$(BUILT_PRODUCTS_DIR)/CryptoTracker.app/CryptoTracker";
			};
			name = Debug;
		};
		E336089028A3649D00D0661E /* Release */ = {
			isa = XCBuildConfiguration;
			buildSettings = {
				ALWAYS_EMBED_SWIFT_STANDARD_LIBRARIES = YES;
				BUNDLE_LOADER = "$(TEST_HOST)";
				CODE_SIGN_STYLE = Automatic;
				INFOPLIST_FILE = CryptoTrackerTests/Info.plist;
				IPHONEOS_DEPLOYMENT_TARGET = 14.4;
				LD_RUNPATH_SEARCH_PATHS = (
					"$(inherited)",
					"@executable_path/Frameworks",
					"@loader_path/Frameworks",
				);
				PRODUCT_BUNDLE_IDENTIFIER = sun.CryptoTrackerTests;
				PRODUCT_NAME = "$(TARGET_NAME)";
				SWIFT_VERSION = 5.0;
				TARGETED_DEVICE_FAMILY = "1,2";
				TEST_HOST = "$(BUILT_PRODUCTS_DIR)/CryptoTracker.app/CryptoTracker";
			};
			name = Release;
		};
		E336089228A3649D00D0661E /* Debug */ = {
			isa = XCBuildConfiguration;
			buildSettings = {
				ALWAYS_EMBED_SWIFT_STANDARD_LIBRARIES = YES;
				CODE_SIGN_STYLE = Automatic;
				INFOPLIST_FILE = CryptoTrackerUITests/Info.plist;
				LD_RUNPATH_SEARCH_PATHS = (
					"$(inherited)",
					"@executable_path/Frameworks",
					"@loader_path/Frameworks",
				);
				PRODUCT_BUNDLE_IDENTIFIER = sun.CryptoTrackerUITests;
				PRODUCT_NAME = "$(TARGET_NAME)";
				SWIFT_VERSION = 5.0;
				TARGETED_DEVICE_FAMILY = "1,2";
				TEST_TARGET_NAME = CryptoTracker;
			};
			name = Debug;
		};
		E336089328A3649D00D0661E /* Release */ = {
			isa = XCBuildConfiguration;
			buildSettings = {
				ALWAYS_EMBED_SWIFT_STANDARD_LIBRARIES = YES;
				CODE_SIGN_STYLE = Automatic;
				INFOPLIST_FILE = CryptoTrackerUITests/Info.plist;
				LD_RUNPATH_SEARCH_PATHS = (
					"$(inherited)",
					"@executable_path/Frameworks",
					"@loader_path/Frameworks",
				);
				PRODUCT_BUNDLE_IDENTIFIER = sun.CryptoTrackerUITests;
				PRODUCT_NAME = "$(TARGET_NAME)";
				SWIFT_VERSION = 5.0;
				TARGETED_DEVICE_FAMILY = "1,2";
				TEST_TARGET_NAME = CryptoTracker;
			};
			name = Release;
		};
/* End XCBuildConfiguration section */

/* Begin XCConfigurationList section */
		E336085928A3649900D0661E /* Build configuration list for PBXProject "CryptoTracker" */ = {
			isa = XCConfigurationList;
			buildConfigurations = (
				E336088928A3649D00D0661E /* Debug */,
				E336088A28A3649D00D0661E /* Release */,
			);
			defaultConfigurationIsVisible = 0;
			defaultConfigurationName = Release;
		};
		E336088B28A3649D00D0661E /* Build configuration list for PBXNativeTarget "CryptoTracker" */ = {
			isa = XCConfigurationList;
			buildConfigurations = (
				E336088C28A3649D00D0661E /* Debug */,
				E336088D28A3649D00D0661E /* Release */,
			);
			defaultConfigurationIsVisible = 0;
			defaultConfigurationName = Release;
		};
		E336088E28A3649D00D0661E /* Build configuration list for PBXNativeTarget "CryptoTrackerTests" */ = {
			isa = XCConfigurationList;
			buildConfigurations = (
				E336088F28A3649D00D0661E /* Debug */,
				E336089028A3649D00D0661E /* Release */,
			);
			defaultConfigurationIsVisible = 0;
			defaultConfigurationName = Release;
		};
		E336089128A3649D00D0661E /* Build configuration list for PBXNativeTarget "CryptoTrackerUITests" */ = {
			isa = XCConfigurationList;
			buildConfigurations = (
				E336089228A3649D00D0661E /* Debug */,
				E336089328A3649D00D0661E /* Release */,
			);
			defaultConfigurationIsVisible = 0;
			defaultConfigurationName = Release;
		};
/* End XCConfigurationList section */

/* Begin XCRemoteSwiftPackageReference section */
		E336089C28A365C700D0661E /* XCRemoteSwiftPackageReference "Charts" */ = {
			isa = XCRemoteSwiftPackageReference;
			repositoryURL = "https://github.com/danielgindi/Charts.git";
			requirement = {
				kind = upToNextMajorVersion;
				minimumVersion = 4.0.3;
			};
		};
/* End XCRemoteSwiftPackageReference section */

/* Begin XCSwiftPackageProductDependency section */
		E336089D28A365C700D0661E /* Charts */ = {
			isa = XCSwiftPackageProductDependency;
			package = E336089C28A365C700D0661E /* XCRemoteSwiftPackageReference "Charts" */;
			productName = Charts;
		};
/* End XCSwiftPackageProductDependency section */

/* Begin XCVersionGroup section */
		E3FF517428B87EB600CF373F /* CrytoTrackerer.xcdatamodeld */ = {
			isa = XCVersionGroup;
			children = (
				E3FF517528B87EB600CF373F /* CrytoTrackerer.xcdatamodel */,
			);
			currentVersion = E3FF517528B87EB600CF373F /* CrytoTrackerer.xcdatamodel */;
			path = CrytoTrackerer.xcdatamodeld;
			sourceTree = "<group>";
			versionGroupType = wrapper.xcdatamodel;
		};
/* End XCVersionGroup section */
	};
	rootObject = E336085628A3649900D0661E /* Project object */;
}
